// !$*UTF8*$!
{
	archiveVersion = 1;
	classes = {
	};
	objectVersion = 56;
	objects = {

/* Begin PBXBuildFile section */
		E87F83C82B6EBB880053E4D9 /* Assets.xcassets in Resources */ = {isa = PBXBuildFile; fileRef = E87F83C72B6EBB880053E4D9 /* Assets.xcassets */; };
		E87F83CB2B6EBB880053E4D9 /* Preview Assets.xcassets in Resources */ = {isa = PBXBuildFile; fileRef = E87F83CA2B6EBB880053E4D9 /* Preview Assets.xcassets */; };
		E87F83D52B6EBB880053E4D9 /* UnityVisionTests.swift in Sources */ = {isa = PBXBuildFile; fileRef = E87F83D42B6EBB880053E4D9 /* UnityVisionTests.swift */; };
		E87F83DF2B6EBB880053E4D9 /* UnityVisionUITests.swift in Sources */ = {isa = PBXBuildFile; fileRef = E87F83DE2B6EBB880053E4D9 /* UnityVisionUITests.swift */; };
		E87F83E12B6EBB880053E4D9 /* UnityVisionUITestsLaunchTests.swift in Sources */ = {isa = PBXBuildFile; fileRef = E87F83E02B6EBB880053E4D9 /* UnityVisionUITestsLaunchTests.swift */; };
		E87F83EE2B6EBD520053E4D9 /* SignUpViewController.swift in Sources */ = {isa = PBXBuildFile; fileRef = E87F83ED2B6EBD520053E4D9 /* SignUpViewController.swift */; };
		E87F83F02B6EBDDE0053E4D9 /* LoginViewController.swift in Sources */ = {isa = PBXBuildFile; fileRef = E87F83EF2B6EBDDE0053E4D9 /* LoginViewController.swift */; };
		E87F83F22B6EC0140053E4D9 /* MainViewController.swift in Sources */ = {isa = PBXBuildFile; fileRef = E87F83F12B6EC0140053E4D9 /* MainViewController.swift */; };
		E87F83F62B6EC0FC0053E4D9 /* MainViewControllerRepresentable.swift in Sources */ = {isa = PBXBuildFile; fileRef = E87F83F52B6EC0FC0053E4D9 /* MainViewControllerRepresentable.swift */; };
		E87F83F82B6EC1340053E4D9 /* UnityVision.swift in Sources */ = {isa = PBXBuildFile; fileRef = E87F83F72B6EC1340053E4D9 /* UnityVision.swift */; };
		E87F83FA2B6EDEDF0053E4D9 /* APIService.swift in Sources */ = {isa = PBXBuildFile; fileRef = E87F83F92B6EDEDF0053E4D9 /* APIService.swift */; };
		E87F84032B6F15500053E4D9 /* UserProfileViewController.swift in Sources */ = {isa = PBXBuildFile; fileRef = E87F84022B6F15500053E4D9 /* UserProfileViewController.swift */; };
/* End PBXBuildFile section */

/* Begin PBXContainerItemProxy section */
		E87F83D12B6EBB880053E4D9 /* PBXContainerItemProxy */ = {
			isa = PBXContainerItemProxy;
			containerPortal = E87F83B82B6EBB850053E4D9 /* Project object */;
			proxyType = 1;
			remoteGlobalIDString = E87F83BF2B6EBB850053E4D9;
			remoteInfo = UnityVision;
		};
		E87F83DB2B6EBB880053E4D9 /* PBXContainerItemProxy */ = {
			isa = PBXContainerItemProxy;
			containerPortal = E87F83B82B6EBB850053E4D9 /* Project object */;
			proxyType = 1;
			remoteGlobalIDString = E87F83BF2B6EBB850053E4D9;
			remoteInfo = UnityVision;
		};
/* End PBXContainerItemProxy section */

/* Begin PBXFileReference section */
		E87F83C02B6EBB850053E4D9 /* UnityVision.app */ = {isa = PBXFileReference; explicitFileType = wrapper.application; includeInIndex = 0; path = UnityVision.app; sourceTree = BUILT_PRODUCTS_DIR; };
		E87F83C72B6EBB880053E4D9 /* Assets.xcassets */ = {isa = PBXFileReference; lastKnownFileType = folder.assetcatalog; path = Assets.xcassets; sourceTree = "<group>"; };
		E87F83CA2B6EBB880053E4D9 /* Preview Assets.xcassets */ = {isa = PBXFileReference; lastKnownFileType = folder.assetcatalog; path = "Preview Assets.xcassets"; sourceTree = "<group>"; };
		E87F83D02B6EBB880053E4D9 /* UnityVisionTests.xctest */ = {isa = PBXFileReference; explicitFileType = wrapper.cfbundle; includeInIndex = 0; path = UnityVisionTests.xctest; sourceTree = BUILT_PRODUCTS_DIR; };
		E87F83D42B6EBB880053E4D9 /* UnityVisionTests.swift */ = {isa = PBXFileReference; lastKnownFileType = sourcecode.swift; path = UnityVisionTests.swift; sourceTree = "<group>"; };
		E87F83DA2B6EBB880053E4D9 /* UnityVisionUITests.xctest */ = {isa = PBXFileReference; explicitFileType = wrapper.cfbundle; includeInIndex = 0; path = UnityVisionUITests.xctest; sourceTree = BUILT_PRODUCTS_DIR; };
		E87F83DE2B6EBB880053E4D9 /* UnityVisionUITests.swift */ = {isa = PBXFileReference; lastKnownFileType = sourcecode.swift; path = UnityVisionUITests.swift; sourceTree = "<group>"; };
		E87F83E02B6EBB880053E4D9 /* UnityVisionUITestsLaunchTests.swift */ = {isa = PBXFileReference; lastKnownFileType = sourcecode.swift; path = UnityVisionUITestsLaunchTests.swift; sourceTree = "<group>"; };
		E87F83ED2B6EBD520053E4D9 /* SignUpViewController.swift */ = {isa = PBXFileReference; lastKnownFileType = sourcecode.swift; path = SignUpViewController.swift; sourceTree = "<group>"; };
		E87F83EF2B6EBDDE0053E4D9 /* LoginViewController.swift */ = {isa = PBXFileReference; lastKnownFileType = sourcecode.swift; path = LoginViewController.swift; sourceTree = "<group>"; };
		E87F83F12B6EC0140053E4D9 /* MainViewController.swift */ = {isa = PBXFileReference; lastKnownFileType = sourcecode.swift; path = MainViewController.swift; sourceTree = "<group>"; };
		E87F83F52B6EC0FC0053E4D9 /* MainViewControllerRepresentable.swift */ = {isa = PBXFileReference; lastKnownFileType = sourcecode.swift; path = MainViewControllerRepresentable.swift; sourceTree = "<group>"; };
		E87F83F72B6EC1340053E4D9 /* UnityVision.swift */ = {isa = PBXFileReference; lastKnownFileType = sourcecode.swift; path = UnityVision.swift; sourceTree = "<group>"; };
		E87F83F92B6EDEDF0053E4D9 /* APIService.swift */ = {isa = PBXFileReference; lastKnownFileType = sourcecode.swift; path = APIService.swift; sourceTree = "<group>"; };
		E87F84022B6F15500053E4D9 /* UserProfileViewController.swift */ = {isa = PBXFileReference; lastKnownFileType = sourcecode.swift; path = UserProfileViewController.swift; sourceTree = "<group>"; };
		E87F84042B6F39CF0053E4D9 /* Info.plist */ = {isa = PBXFileReference; lastKnownFileType = text.plist; path = Info.plist; sourceTree = "<group>"; };
/* End PBXFileReference section */

/* Begin PBXFrameworksBuildPhase section */
		E87F83BD2B6EBB850053E4D9 /* Frameworks */ = {
			isa = PBXFrameworksBuildPhase;
			buildActionMask = 2147483647;
			files = (
			);
			runOnlyForDeploymentPostprocessing = 0;
		};
		E87F83CD2B6EBB880053E4D9 /* Frameworks */ = {
			isa = PBXFrameworksBuildPhase;
			buildActionMask = 2147483647;
			files = (
			);
			runOnlyForDeploymentPostprocessing = 0;
		};
		E87F83D72B6EBB880053E4D9 /* Frameworks */ = {
			isa = PBXFrameworksBuildPhase;
			buildActionMask = 2147483647;
			files = (
			);
			runOnlyForDeploymentPostprocessing = 0;
		};
/* End PBXFrameworksBuildPhase section */

/* Begin PBXGroup section */
		E87F83B72B6EBB850053E4D9 = {
			isa = PBXGroup;
			children = (
				E87F83C22B6EBB850053E4D9 /* UnityVision */,
				E87F83D32B6EBB880053E4D9 /* UnityVisionTests */,
				E87F83DD2B6EBB880053E4D9 /* UnityVisionUITests */,
				E87F83C12B6EBB850053E4D9 /* Products */,
			);
			sourceTree = "<group>";
		};
		E87F83C12B6EBB850053E4D9 /* Products */ = {
			isa = PBXGroup;
			children = (
				E87F83C02B6EBB850053E4D9 /* UnityVision.app */,
				E87F83D02B6EBB880053E4D9 /* UnityVisionTests.xctest */,
				E87F83DA2B6EBB880053E4D9 /* UnityVisionUITests.xctest */,
			);
			name = Products;
			sourceTree = "<group>";
		};
		E87F83C22B6EBB850053E4D9 /* UnityVision */ = {
			isa = PBXGroup;
			children = (
				E87F84042B6F39CF0053E4D9 /* Info.plist */,
				E87F83F12B6EC0140053E4D9 /* MainViewController.swift */,
				E87F83ED2B6EBD520053E4D9 /* SignUpViewController.swift */,
				E87F83EF2B6EBDDE0053E4D9 /* LoginViewController.swift */,
				E87F83F52B6EC0FC0053E4D9 /* MainViewControllerRepresentable.swift */,
				E87F83F92B6EDEDF0053E4D9 /* APIService.swift */,
				E87F83F72B6EC1340053E4D9 /* UnityVision.swift */,
				E87F83C72B6EBB880053E4D9 /* Assets.xcassets */,
				E87F83C92B6EBB880053E4D9 /* Preview Content */,
				E87F84022B6F15500053E4D9 /* UserProfileViewController.swift */,
			);
			path = UnityVision;
			sourceTree = "<group>";
		};
		E87F83C92B6EBB880053E4D9 /* Preview Content */ = {
			isa = PBXGroup;
			children = (
				E87F83CA2B6EBB880053E4D9 /* Preview Assets.xcassets */,
			);
			path = "Preview Content";
			sourceTree = "<group>";
		};
		E87F83D32B6EBB880053E4D9 /* UnityVisionTests */ = {
			isa = PBXGroup;
			children = (
				E87F83D42B6EBB880053E4D9 /* UnityVisionTests.swift */,
			);
			path = UnityVisionTests;
			sourceTree = "<group>";
		};
		E87F83DD2B6EBB880053E4D9 /* UnityVisionUITests */ = {
			isa = PBXGroup;
			children = (
				E87F83DE2B6EBB880053E4D9 /* UnityVisionUITests.swift */,
				E87F83E02B6EBB880053E4D9 /* UnityVisionUITestsLaunchTests.swift */,
			);
			path = UnityVisionUITests;
			sourceTree = "<group>";
		};
/* End PBXGroup section */

/* Begin PBXNativeTarget section */
		E87F83BF2B6EBB850053E4D9 /* UnityVision */ = {
			isa = PBXNativeTarget;
			buildConfigurationList = E87F83E42B6EBB880053E4D9 /* Build configuration list for PBXNativeTarget "UnityVision" */;
			buildPhases = (
				E87F83BC2B6EBB850053E4D9 /* Sources */,
				E87F83BD2B6EBB850053E4D9 /* Frameworks */,
				E87F83BE2B6EBB850053E4D9 /* Resources */,
			);
			buildRules = (
			);
			dependencies = (
			);
			name = UnityVision;
			productName = UnityVision;
			productReference = E87F83C02B6EBB850053E4D9 /* UnityVision.app */;
			productType = "com.apple.product-type.application";
		};
		E87F83CF2B6EBB880053E4D9 /* UnityVisionTests */ = {
			isa = PBXNativeTarget;
			buildConfigurationList = E87F83E72B6EBB880053E4D9 /* Build configuration list for PBXNativeTarget "UnityVisionTests" */;
			buildPhases = (
				E87F83CC2B6EBB880053E4D9 /* Sources */,
				E87F83CD2B6EBB880053E4D9 /* Frameworks */,
				E87F83CE2B6EBB880053E4D9 /* Resources */,
			);
			buildRules = (
			);
			dependencies = (
				E87F83D22B6EBB880053E4D9 /* PBXTargetDependency */,
			);
			name = UnityVisionTests;
			productName = UnityVisionTests;
			productReference = E87F83D02B6EBB880053E4D9 /* UnityVisionTests.xctest */;
			productType = "com.apple.product-type.bundle.unit-test";
		};
		E87F83D92B6EBB880053E4D9 /* UnityVisionUITests */ = {
			isa = PBXNativeTarget;
			buildConfigurationList = E87F83EA2B6EBB880053E4D9 /* Build configuration list for PBXNativeTarget "UnityVisionUITests" */;
			buildPhases = (
				E87F83D62B6EBB880053E4D9 /* Sources */,
				E87F83D72B6EBB880053E4D9 /* Frameworks */,
				E87F83D82B6EBB880053E4D9 /* Resources */,
			);
			buildRules = (
			);
			dependencies = (
				E87F83DC2B6EBB880053E4D9 /* PBXTargetDependency */,
			);
			name = UnityVisionUITests;
			productName = UnityVisionUITests;
			productReference = E87F83DA2B6EBB880053E4D9 /* UnityVisionUITests.xctest */;
			productType = "com.apple.product-type.bundle.ui-testing";
		};
/* End PBXNativeTarget section */

/* Begin PBXProject section */
		E87F83B82B6EBB850053E4D9 /* Project object */ = {
			isa = PBXProject;
			attributes = {
				BuildIndependentTargetsInParallel = 1;
				LastSwiftUpdateCheck = 1520;
				LastUpgradeCheck = 1520;
				TargetAttributes = {
					E87F83BF2B6EBB850053E4D9 = {
						CreatedOnToolsVersion = 15.2;
					};
					E87F83CF2B6EBB880053E4D9 = {
						CreatedOnToolsVersion = 15.2;
						TestTargetID = E87F83BF2B6EBB850053E4D9;
					};
					E87F83D92B6EBB880053E4D9 = {
						CreatedOnToolsVersion = 15.2;
						TestTargetID = E87F83BF2B6EBB850053E4D9;
					};
				};
			};
			buildConfigurationList = E87F83BB2B6EBB850053E4D9 /* Build configuration list for PBXProject "UnityVision" */;
			compatibilityVersion = "Xcode 14.0";
			developmentRegion = en;
			hasScannedForEncodings = 0;
			knownRegions = (
				en,
				Base,
			);
			mainGroup = E87F83B72B6EBB850053E4D9;
			productRefGroup = E87F83C12B6EBB850053E4D9 /* Products */;
			projectDirPath = "";
			projectRoot = "";
			targets = (
				E87F83BF2B6EBB850053E4D9 /* UnityVision */,
				E87F83CF2B6EBB880053E4D9 /* UnityVisionTests */,
				E87F83D92B6EBB880053E4D9 /* UnityVisionUITests */,
			);
		};
/* End PBXProject section */

/* Begin PBXResourcesBuildPhase section */
		E87F83BE2B6EBB850053E4D9 /* Resources */ = {
			isa = PBXResourcesBuildPhase;
			buildActionMask = 2147483647;
			files = (
				E87F83CB2B6EBB880053E4D9 /* Preview Assets.xcassets in Resources */,
				E87F83C82B6EBB880053E4D9 /* Assets.xcassets in Resources */,
			);
			runOnlyForDeploymentPostprocessing = 0;
		};
		E87F83CE2B6EBB880053E4D9 /* Resources */ = {
			isa = PBXResourcesBuildPhase;
			buildActionMask = 2147483647;
			files = (
			);
			runOnlyForDeploymentPostprocessing = 0;
		};
		E87F83D82B6EBB880053E4D9 /* Resources */ = {
			isa = PBXResourcesBuildPhase;
			buildActionMask = 2147483647;
			files = (
			);
			runOnlyForDeploymentPostprocessing = 0;
		};
/* End PBXResourcesBuildPhase section */

/* Begin PBXSourcesBuildPhase section */
		E87F83BC2B6EBB850053E4D9 /* Sources */ = {
			isa = PBXSourcesBuildPhase;
			buildActionMask = 2147483647;
			files = (
				E87F83F82B6EC1340053E4D9 /* UnityVision.swift in Sources */,
				E87F83F02B6EBDDE0053E4D9 /* LoginViewController.swift in Sources */,
				E87F84032B6F15500053E4D9 /* UserProfileViewController.swift in Sources */,
				E87F83EE2B6EBD520053E4D9 /* SignUpViewController.swift in Sources */,
				E87F83F22B6EC0140053E4D9 /* MainViewController.swift in Sources */,
				E87F83FA2B6EDEDF0053E4D9 /* APIService.swift in Sources */,
				E87F83F62B6EC0FC0053E4D9 /* MainViewControllerRepresentable.swift in Sources */,
			);
			runOnlyForDeploymentPostprocessing = 0;
		};
		E87F83CC2B6EBB880053E4D9 /* Sources */ = {
			isa = PBXSourcesBuildPhase;
			buildActionMask = 2147483647;
			files = (
				E87F83D52B6EBB880053E4D9 /* UnityVisionTests.swift in Sources */,
			);
			runOnlyForDeploymentPostprocessing = 0;
		};
		E87F83D62B6EBB880053E4D9 /* Sources */ = {
			isa = PBXSourcesBuildPhase;
			buildActionMask = 2147483647;
			files = (
				E87F83E12B6EBB880053E4D9 /* UnityVisionUITestsLaunchTests.swift in Sources */,
				E87F83DF2B6EBB880053E4D9 /* UnityVisionUITests.swift in Sources */,
			);
			runOnlyForDeploymentPostprocessing = 0;
		};
/* End PBXSourcesBuildPhase section */

/* Begin PBXTargetDependency section */
		E87F83D22B6EBB880053E4D9 /* PBXTargetDependency */ = {
			isa = PBXTargetDependency;
			target = E87F83BF2B6EBB850053E4D9 /* UnityVision */;
			targetProxy = E87F83D12B6EBB880053E4D9 /* PBXContainerItemProxy */;
		};
		E87F83DC2B6EBB880053E4D9 /* PBXTargetDependency */ = {
			isa = PBXTargetDependency;
			target = E87F83BF2B6EBB850053E4D9 /* UnityVision */;
			targetProxy = E87F83DB2B6EBB880053E4D9 /* PBXContainerItemProxy */;
		};
/* End PBXTargetDependency section */

/* Begin XCBuildConfiguration section */
		E87F83E22B6EBB880053E4D9 /* Debug */ = {
			isa = XCBuildConfiguration;
			buildSettings = {
				ALWAYS_SEARCH_USER_PATHS = NO;
				ASSETCATALOG_COMPILER_GENERATE_SWIFT_ASSET_SYMBOL_EXTENSIONS = YES;
				CLANG_ANALYZER_NONNULL = YES;
				CLANG_ANALYZER_NUMBER_OBJECT_CONVERSION = YES_AGGRESSIVE;
				CLANG_CXX_LANGUAGE_STANDARD = "gnu++20";
				CLANG_ENABLE_MODULES = YES;
				CLANG_ENABLE_OBJC_ARC = YES;
				CLANG_ENABLE_OBJC_WEAK = YES;
				CLANG_WARN_BLOCK_CAPTURE_AUTORELEASING = YES;
				CLANG_WARN_BOOL_CONVERSION = YES;
				CLANG_WARN_COMMA = YES;
				CLANG_WARN_CONSTANT_CONVERSION = YES;
				CLANG_WARN_DEPRECATED_OBJC_IMPLEMENTATIONS = YES;
				CLANG_WARN_DIRECT_OBJC_ISA_USAGE = YES_ERROR;
				CLANG_WARN_DOCUMENTATION_COMMENTS = YES;
				CLANG_WARN_EMPTY_BODY = YES;
				CLANG_WARN_ENUM_CONVERSION = YES;
				CLANG_WARN_INFINITE_RECURSION = YES;
				CLANG_WARN_INT_CONVERSION = YES;
				CLANG_WARN_NON_LITERAL_NULL_CONVERSION = YES;
				CLANG_WARN_OBJC_IMPLICIT_RETAIN_SELF = YES;
				CLANG_WARN_OBJC_LITERAL_CONVERSION = YES;
				CLANG_WARN_OBJC_ROOT_CLASS = YES_ERROR;
				CLANG_WARN_QUOTED_INCLUDE_IN_FRAMEWORK_HEADER = YES;
				CLANG_WARN_RANGE_LOOP_ANALYSIS = YES;
				CLANG_WARN_STRICT_PROTOTYPES = YES;
				CLANG_WARN_SUSPICIOUS_MOVE = YES;
				CLANG_WARN_UNGUARDED_AVAILABILITY = YES_AGGRESSIVE;
				CLANG_WARN_UNREACHABLE_CODE = YES;
				CLANG_WARN__DUPLICATE_METHOD_MATCH = YES;
				COPY_PHASE_STRIP = NO;
				DEBUG_INFORMATION_FORMAT = dwarf;
				ENABLE_STRICT_OBJC_MSGSEND = YES;
				ENABLE_TESTABILITY = YES;
				ENABLE_USER_SCRIPT_SANDBOXING = YES;
				GCC_C_LANGUAGE_STANDARD = gnu17;
				GCC_DYNAMIC_NO_PIC = NO;
				GCC_NO_COMMON_BLOCKS = YES;
				GCC_OPTIMIZATION_LEVEL = 0;
				GCC_PREPROCESSOR_DEFINITIONS = (
					"DEBUG=1",
					"$(inherited)",
				);
				GCC_WARN_64_TO_32_BIT_CONVERSION = YES;
				GCC_WARN_ABOUT_RETURN_TYPE = YES_ERROR;
				GCC_WARN_UNDECLARED_SELECTOR = YES;
				GCC_WARN_UNINITIALIZED_AUTOS = YES_AGGRESSIVE;
				GCC_WARN_UNUSED_FUNCTION = YES;
				GCC_WARN_UNUSED_VARIABLE = YES;
				IPHONEOS_DEPLOYMENT_TARGET = 17.2;
				LOCALIZATION_PREFERS_STRING_CATALOGS = YES;
				MTL_ENABLE_DEBUG_INFO = INCLUDE_SOURCE;
				MTL_FAST_MATH = YES;
				ONLY_ACTIVE_ARCH = YES;
				SDKROOT = iphoneos;
				SWIFT_ACTIVE_COMPILATION_CONDITIONS = "DEBUG $(inherited)";
				SWIFT_OPTIMIZATION_LEVEL = "-Onone";
			};
			name = Debug;
		};
		E87F83E32B6EBB880053E4D9 /* Release */ = {
			isa = XCBuildConfiguration;
			buildSettings = {
				ALWAYS_SEARCH_USER_PATHS = NO;
				ASSETCATALOG_COMPILER_GENERATE_SWIFT_ASSET_SYMBOL_EXTENSIONS = YES;
				CLANG_ANALYZER_NONNULL = YES;
				CLANG_ANALYZER_NUMBER_OBJECT_CONVERSION = YES_AGGRESSIVE;
				CLANG_CXX_LANGUAGE_STANDARD = "gnu++20";
				CLANG_ENABLE_MODULES = YES;
				CLANG_ENABLE_OBJC_ARC = YES;
				CLANG_ENABLE_OBJC_WEAK = YES;
				CLANG_WARN_BLOCK_CAPTURE_AUTORELEASING = YES;
				CLANG_WARN_BOOL_CONVERSION = YES;
				CLANG_WARN_COMMA = YES;
				CLANG_WARN_CONSTANT_CONVERSION = YES;
				CLANG_WARN_DEPRECATED_OBJC_IMPLEMENTATIONS = YES;
				CLANG_WARN_DIRECT_OBJC_ISA_USAGE = YES_ERROR;
				CLANG_WARN_DOCUMENTATION_COMMENTS = YES;
				CLANG_WARN_EMPTY_BODY = YES;
				CLANG_WARN_ENUM_CONVERSION = YES;
				CLANG_WARN_INFINITE_RECURSION = YES;
				CLANG_WARN_INT_CONVERSION = YES;
				CLANG_WARN_NON_LITERAL_NULL_CONVERSION = YES;
				CLANG_WARN_OBJC_IMPLICIT_RETAIN_SELF = YES;
				CLANG_WARN_OBJC_LITERAL_CONVERSION = YES;
				CLANG_WARN_OBJC_ROOT_CLASS = YES_ERROR;
				CLANG_WARN_QUOTED_INCLUDE_IN_FRAMEWORK_HEADER = YES;
				CLANG_WARN_RANGE_LOOP_ANALYSIS = YES;
				CLANG_WARN_STRICT_PROTOTYPES = YES;
				CLANG_WARN_SUSPICIOUS_MOVE = YES;
				CLANG_WARN_UNGUARDED_AVAILABILITY = YES_AGGRESSIVE;
				CLANG_WARN_UNREACHABLE_CODE = YES;
				CLANG_WARN__DUPLICATE_METHOD_MATCH = YES;
				COPY_PHASE_STRIP = NO;
				DEBUG_INFORMATION_FORMAT = "dwarf-with-dsym";
				ENABLE_NS_ASSERTIONS = NO;
				ENABLE_STRICT_OBJC_MSGSEND = YES;
				ENABLE_USER_SCRIPT_SANDBOXING = YES;
				GCC_C_LANGUAGE_STANDARD = gnu17;
				GCC_NO_COMMON_BLOCKS = YES;
				GCC_WARN_64_TO_32_BIT_CONVERSION = YES;
				GCC_WARN_ABOUT_RETURN_TYPE = YES_ERROR;
				GCC_WARN_UNDECLARED_SELECTOR = YES;
				GCC_WARN_UNINITIALIZED_AUTOS = YES_AGGRESSIVE;
				GCC_WARN_UNUSED_FUNCTION = YES;
				GCC_WARN_UNUSED_VARIABLE = YES;
				IPHONEOS_DEPLOYMENT_TARGET = 17.2;
				LOCALIZATION_PREFERS_STRING_CATALOGS = YES;
				MTL_ENABLE_DEBUG_INFO = NO;
				MTL_FAST_MATH = YES;
				SDKROOT = iphoneos;
				SWIFT_COMPILATION_MODE = wholemodule;
				VALIDATE_PRODUCT = YES;
			};
			name = Release;
		};
		E87F83E52B6EBB880053E4D9 /* Debug */ = {
			isa = XCBuildConfiguration;
			buildSettings = {
				ASSETCATALOG_COMPILER_APPICON_NAME = AppIcon;
				ASSETCATALOG_COMPILER_GLOBAL_ACCENT_COLOR_NAME = AccentColor;
				CODE_SIGN_STYLE = Automatic;
				CURRENT_PROJECT_VERSION = 1;
				DEVELOPMENT_ASSET_PATHS = "\"UnityVision/Preview Content\"";
				ENABLE_PREVIEWS = YES;
				GENERATE_INFOPLIST_FILE = YES;
				INFOPLIST_FILE = UnityVision/Info.plist;
				INFOPLIST_KEY_UIApplicationSceneManifest_Generation = YES;
				INFOPLIST_KEY_UIApplicationSupportsIndirectInputEvents = YES;
				INFOPLIST_KEY_UILaunchScreen_Generation = YES;
				INFOPLIST_KEY_UISupportedInterfaceOrientations_iPad = "UIInterfaceOrientationPortrait UIInterfaceOrientationPortraitUpsideDown UIInterfaceOrientationLandscapeLeft UIInterfaceOrientationLandscapeRight";
				INFOPLIST_KEY_UISupportedInterfaceOrientations_iPhone = "UIInterfaceOrientationPortrait UIInterfaceOrientationLandscapeLeft UIInterfaceOrientationLandscapeRight";
				LD_RUNPATH_SEARCH_PATHS = (
					"$(inherited)",
					"@executable_path/Frameworks",
				);
				MARKETING_VERSION = 1.0;
				PRODUCT_BUNDLE_IDENTIFIER = UnityVision.UnityVision;
				PRODUCT_NAME = "$(TARGET_NAME)";
				SWIFT_EMIT_LOC_STRINGS = YES;
				SWIFT_VERSION = 5.0;
				TARGETED_DEVICE_FAMILY = "1,2";
			};
			name = Debug;
		};
		E87F83E62B6EBB880053E4D9 /* Release */ = {
			isa = XCBuildConfiguration;
			buildSettings = {
				ASSETCATALOG_COMPILER_APPICON_NAME = AppIcon;
				ASSETCATALOG_COMPILER_GLOBAL_ACCENT_COLOR_NAME = AccentColor;
				CODE_SIGN_STYLE = Automatic;
				CURRENT_PROJECT_VERSION = 1;
				DEVELOPMENT_ASSET_PATHS = "\"UnityVision/Preview Content\"";
				ENABLE_PREVIEWS = YES;
				GENERATE_INFOPLIST_FILE = YES;
				INFOPLIST_FILE = UnityVision/Info.plist;
				INFOPLIST_KEY_UIApplicationSceneManifest_Generation = YES;
				INFOPLIST_KEY_UIApplicationSupportsIndirectInputEvents = YES;
				INFOPLIST_KEY_UILaunchScreen_Generation = YES;
				INFOPLIST_KEY_UISupportedInterfaceOrientations_iPad = "UIInterfaceOrientationPortrait UIInterfaceOrientationPortraitUpsideDown UIInterfaceOrientationLandscapeLeft UIInterfaceOrientationLandscapeRight";
				INFOPLIST_KEY_UISupportedInterfaceOrientations_iPhone = "UIInterfaceOrientationPortrait UIInterfaceOrientationLandscapeLeft UIInterfaceOrientationLandscapeRight";
				LD_RUNPATH_SEARCH_PATHS = (
					"$(inherited)",
					"@executable_path/Frameworks",
				);
				MARKETING_VERSION = 1.0;
				PRODUCT_BUNDLE_IDENTIFIER = UnityVision.UnityVision;
				PRODUCT_NAME = "$(TARGET_NAME)";
				SWIFT_EMIT_LOC_STRINGS = YES;
				SWIFT_VERSION = 5.0;
				TARGETED_DEVICE_FAMILY = "1,2";
			};
			name = Release;
		};
		E87F83E82B6EBB880053E4D9 /* Debug */ = {
			isa = XCBuildConfiguration;
			buildSettings = {
				ALWAYS_EMBED_SWIFT_STANDARD_LIBRARIES = YES;
				BUNDLE_LOADER = "$(TEST_HOST)";
				CODE_SIGN_STYLE = Automatic;
				CURRENT_PROJECT_VERSION = 1;
				GENERATE_INFOPLIST_FILE = YES;
				INFOPLIST_FILE = "";
				IPHONEOS_DEPLOYMENT_TARGET = 17.2;
				MARKETING_VERSION = 1.0;
				PRODUCT_BUNDLE_IDENTIFIER = UnityVision.UnityVisionTests;
				PRODUCT_NAME = "$(TARGET_NAME)";
				SWIFT_EMIT_LOC_STRINGS = NO;
				SWIFT_VERSION = 5.0;
				TARGETED_DEVICE_FAMILY = "1,2";
				TEST_HOST = "$(BUILT_PRODUCTS_DIR)/UnityVision.app/$(BUNDLE_EXECUTABLE_FOLDER_PATH)/UnityVision";
			};
			name = Debug;
		};
		E87F83E92B6EBB880053E4D9 /* Release */ = {
			isa = XCBuildConfiguration;
			buildSettings = {
				ALWAYS_EMBED_SWIFT_STANDARD_LIBRARIES = YES;
				BUNDLE_LOADER = "$(TEST_HOST)";
				CODE_SIGN_STYLE = Automatic;
				CURRENT_PROJECT_VERSION = 1;
				GENERATE_INFOPLIST_FILE = YES;
				INFOPLIST_FILE = "";
				IPHONEOS_DEPLOYMENT_TARGET = 17.2;
				MARKETING_VERSION = 1.0;
				PRODUCT_BUNDLE_IDENTIFIER = UnityVision.UnityVisionTests;
				PRODUCT_NAME = "$(TARGET_NAME)";
				SWIFT_EMIT_LOC_STRINGS = NO;
				SWIFT_VERSION = 5.0;
				TARGETED_DEVICE_FAMILY = "1,2";
				TEST_HOST = "$(BUILT_PRODUCTS_DIR)/UnityVision.app/$(BUNDLE_EXECUTABLE_FOLDER_PATH)/UnityVision";
			};
			name = Release;
		};
		E87F83EB2B6EBB880053E4D9 /* Debug */ = {
			isa = XCBuildConfiguration;
			buildSettings = {
				ALWAYS_EMBED_SWIFT_STANDARD_LIBRARIES = YES;
				CODE_SIGN_STYLE = Automatic;
				CURRENT_PROJECT_VERSION = 1;
				GENERATE_INFOPLIST_FILE = YES;
				MARKETING_VERSION = 1.0;
				PRODUCT_BUNDLE_IDENTIFIER = UnityVision.UnityVisionUITests;
				PRODUCT_NAME = "$(TARGET_NAME)";
				SWIFT_EMIT_LOC_STRINGS = NO;
				SWIFT_VERSION = 5.0;
				TARGETED_DEVICE_FAMILY = "1,2";
				TEST_TARGET_NAME = UnityVision;
			};
			name = Debug;
		};
		E87F83EC2B6EBB880053E4D9 /* Release */ = {
			isa = XCBuildConfiguration;
			buildSettings = {
				ALWAYS_EMBED_SWIFT_STANDARD_LIBRARIES = YES;
				CODE_SIGN_STYLE = Automatic;
				CURRENT_PROJECT_VERSION = 1;
				GENERATE_INFOPLIST_FILE = YES;
				MARKETING_VERSION = 1.0;
				PRODUCT_BUNDLE_IDENTIFIER = UnityVision.UnityVisionUITests;
				PRODUCT_NAME = "$(TARGET_NAME)";
				SWIFT_EMIT_LOC_STRINGS = NO;
				SWIFT_VERSION = 5.0;
				TARGETED_DEVICE_FAMILY = "1,2";
				TEST_TARGET_NAME = UnityVision;
			};
			name = Release;
		};
/* End XCBuildConfiguration section */

/* Begin XCConfigurationList section */
		E87F83BB2B6EBB850053E4D9 /* Build configuration list for PBXProject "UnityVision" */ = {
			isa = XCConfigurationList;
			buildConfigurations = (
				E87F83E22B6EBB880053E4D9 /* Debug */,
				E87F83E32B6EBB880053E4D9 /* Release */,
			);
			defaultConfigurationIsVisible = 0;
			defaultConfigurationName = Release;
		};
		E87F83E42B6EBB880053E4D9 /* Build configuration list for PBXNativeTarget "UnityVision" */ = {
			isa = XCConfigurationList;
			buildConfigurations = (
				E87F83E52B6EBB880053E4D9 /* Debug */,
				E87F83E62B6EBB880053E4D9 /* Release */,
			);
			defaultConfigurationIsVisible = 0;
			defaultConfigurationName = Release;
		};
		E87F83E72B6EBB880053E4D9 /* Build configuration list for PBXNativeTarget "UnityVisionTests" */ = {
			isa = XCConfigurationList;
			buildConfigurations = (
				E87F83E82B6EBB880053E4D9 /* Debug */,
				E87F83E92B6EBB880053E4D9 /* Release */,
			);
			defaultConfigurationIsVisible = 0;
			defaultConfigurationName = Release;
		};
		E87F83EA2B6EBB880053E4D9 /* Build configuration list for PBXNativeTarget "UnityVisionUITests" */ = {
			isa = XCConfigurationList;
			buildConfigurations = (
				E87F83EB2B6EBB880053E4D9 /* Debug */,
				E87F83EC2B6EBB880053E4D9 /* Release */,
			);
			defaultConfigurationIsVisible = 0;
			defaultConfigurationName = Release;
		};
/* End XCConfigurationList section */
	};
	rootObject = E87F83B82B6EBB850053E4D9 /* Project object */;
}
